
Microsoft Visual Studio Solution File, Format Version 12.00
# Visual Studio 15
VisualStudioVersion = 15.0.26430.6
MinimumVisualStudioVersion = 10.0.40219.1
Project("{9A19103F-16F7-4668-BE54-9A1E7A4F7556}") = "ZWaveControllerClient", "ZWaveControllerClient\ZWaveControllerClient.csproj", "{DA788BBF-3DE5-42D0-89DB-5E16246A7633}"
EndProject
Project("{9A19103F-16F7-4668-BE54-9A1E7A4F7556}") = "ZWaveControllerClient.TestApp", "ZWaveControllerClient.TestApp\ZWaveControllerClient.TestApp.csproj", "{BAEBDC63-24E2-4044-91AC-50CF564FC8E3}"
EndProject
Project("{2150E333-8FDC-42A3-9474-1A3956D46DE8}") = "Solution Items", "Solution Items", "{07D90215-5796-437A-9830-824624F6B5EB}"
	ProjectSection(SolutionItems) = preProject
		LICENSE = LICENSE
		README.md = README.md
	EndProjectSection
EndProject
Global
	GlobalSection(SolutionConfigurationPlatforms) = preSolution
		Debug|Any CPU = Debug|Any CPU
		Release|Any CPU = Release|Any CPU
	EndGlobalSection
	GlobalSection(ProjectConfigurationPlatforms) = postSolution
		{DA788BBF-3DE5-42D0-89DB-5E16246A7633}.Debug|Any CPU.ActiveCfg = Debug|Any CPU
		{DA788BBF-3DE5-42D0-89DB-5E16246A7633}.Debug|Any CPU.Build.0 = Debug|Any CPU
		{DA788BBF-3DE5-42D0-89DB-5E16246A7633}.Release|Any CPU.ActiveCfg = Release|Any CPU
		{DA788BBF-3DE5-42D0-89DB-5E16246A7633}.Release|Any CPU.Build.0 = Release|Any CPU
		{BAEBDC63-24E2-4044-91AC-50CF564FC8E3}.Debug|Any CPU.ActiveCfg = Debug|Any CPU
		{BAEBDC63-24E2-4044-91AC-50CF564FC8E3}.Debug|Any CPU.Build.0 = Debug|Any CPU
		{BAEBDC63-24E2-4044-91AC-50CF564FC8E3}.Release|Any CPU.ActiveCfg = Release|Any CPU
		{BAEBDC63-24E2-4044-91AC-50CF564FC8E3}.Release|Any CPU.Build.0 = Release|Any CPU
	EndGlobalSection
	GlobalSection(SolutionProperties) = preSolution
		HideSolutionNode = FALSE
	EndGlobalSection
EndGlobal
